
Microsoft Visual Studio Solution File, Format Version 12.00
# Visual Studio 15
VisualStudioVersion = 15.0.27130.2020
MinimumVisualStudioVersion = 10.0.40219.1
Project("{FAE04EC0-301F-11D3-BF4B-00C04F79EFBC}") = "Extension.MD5", "Extension.MD5\Extension.MD5.csproj", "{BF588CDE-94A9-420E-AE6A-1A53BB9FE056}"
EndProject
Global
	GlobalSection(SolutionConfigurationPlatforms) = preSolution
		Debug|Any CPU = Debug|Any CPU
		Release|Any CPU = Release|Any CPU
	EndGlobalSection
	GlobalSection(ProjectConfigurationPlatforms) = postSolution
		{BF588CDE-94A9-420E-AE6A-1A53BB9FE056}.Debug|Any CPU.ActiveCfg = Debug|Any CPU
		{BF588CDE-94A9-420E-AE6A-1A53BB9FE056}.Debug|Any CPU.Build.0 = Debug|Any CPU
		{BF588CDE-94A9-420E-AE6A-1A53BB9FE056}.Release|Any CPU.ActiveCfg = Release|Any CPU
		{BF588CDE-94A9-420E-AE6A-1A53BB9FE056}.Release|Any CPU.Build.0 = Release|Any CPU
	EndGlobalSection
	GlobalSection(SolutionProperties) = preSolution
		HideSolutionNode = FALSE
	EndGlobalSection
	GlobalSection(ExtensibilityGlobals) = postSolution
		SolutionGuid = {92B38E46-32FF-4661-B02B-C6E012F11279}
	EndGlobalSection
EndGlobal
